Microsoft Visual Studio Solution File, Format Version 12.00
# Visual Studio Version 17
VisualStudioVersion = 17.8.0.0
MinimumVisualStudioVersion = 17.8.0.0
Project("{9A19103F-16F7-4668-BE54-9A1E7A4F7556}") = "CCGtesting.AppHost", "CCGtesting.AppHost\CCGtesting.AppHost.csproj", "{2C0D53E1-4896-4365-A137-17FD7DFF9CA6}"
EndProject
Project("{9A19103F-16F7-4668-BE54-9A1E7A4F7556}") = "CCGtesting.ServiceDefaults", "CCGtesting.ServiceDefaults\CCGtesting.ServiceDefaults.csproj", "{803B5784-BBF2-41A1-B258-42F1326698E0}"
EndProject
Global
	GlobalSection(SolutionConfigurationPlatforms) = preSolution
		Debug|Any CPU = Debug|Any CPU
		Release|Any CPU = Release|Any CPU
	EndGlobalSection
	GlobalSection(ProjectConfigurationPlatforms) = postSolution
		{2C0D53E1-4896-4365-A137-17FD7DFF9CA6}.Debug|Any CPU.ActiveCfg = Debug|Any CPU
		{2C0D53E1-4896-4365-A137-17FD7DFF9CA6}.Debug|Any CPU.Build.0 = Debug|Any CPU
		{2C0D53E1-4896-4365-A137-17FD7DFF9CA6}.Release|Any CPU.ActiveCfg = Release|Any CPU
		{2C0D53E1-4896-4365-A137-17FD7DFF9CA6}.Release|Any CPU.Build.0 = Release|Any CPU
		{803B5784-BBF2-41A1-B258-42F1326698E0}.Debug|Any CPU.ActiveCfg = Debug|Any CPU
		{803B5784-BBF2-41A1-B258-42F1326698E0}.Debug|Any CPU.Build.0 = Debug|Any CPU
		{803B5784-BBF2-41A1-B258-42F1326698E0}.Release|Any CPU.ActiveCfg = Release|Any CPU
		{803B5784-BBF2-41A1-B258-42F1326698E0}.Release|Any CPU.Build.0 = Release|Any CPU
	EndGlobalSection
	GlobalSection(SolutionProperties) = preSolution
		HideSolutionNode = FALSE
	EndGlobalSection
	GlobalSection(ExtensibilityGlobals) = postSolution
		SolutionGuid = {14F9C5AA-796F-473E-8EA6-6555EA817CFC}
	EndGlobalSection
EndGlobal
