
Microsoft Visual Studio Solution File, Format Version 12.00
# Visual Studio Version 17
VisualStudioVersion = 17.0.31903.59
MinimumVisualStudioVersion = 10.0.40219.1
Project("{2150E333-8FDC-42A3-9474-1A3956D46DE8}") = "PrjV5", "PrjV5", "{F87D9EBE-4D9E-42DD-B644-CADC7F44F09F}"
EndProject
Project("{2150E333-8FDC-42A3-9474-1A3956D46DE8}") = "BackEnd", "BackEnd", "{9C071CA7-4FD9-4ECD-9EC3-2689FEEE9FA6}"
EndProject
Project("{FAE04EC0-301F-11D3-BF4B-00C04F79EFBC}") = "SolvedCCG.Api", "PrjV5\BackEnd\SolvedCCG.Api\SolvedCCG.Api.csproj", "{12E53CA8-B25A-4A84-974C-8865243F0F5A}"
EndProject
Global
	GlobalSection(SolutionConfigurationPlatforms) = preSolution
		Debug|Any CPU = Debug|Any CPU
		Release|Any CPU = Release|Any CPU
	EndGlobalSection
	GlobalSection(SolutionProperties) = preSolution
		HideSolutionNode = FALSE
	EndGlobalSection
	GlobalSection(ProjectConfigurationPlatforms) = postSolution
		{12E53CA8-B25A-4A84-974C-8865243F0F5A}.Debug|Any CPU.ActiveCfg = Debug|Any CPU
		{12E53CA8-B25A-4A84-974C-8865243F0F5A}.Debug|Any CPU.Build.0 = Debug|Any CPU
		{12E53CA8-B25A-4A84-974C-8865243F0F5A}.Release|Any CPU.ActiveCfg = Release|Any CPU
		{12E53CA8-B25A-4A84-974C-8865243F0F5A}.Release|Any CPU.Build.0 = Release|Any CPU
	EndGlobalSection
	GlobalSection(NestedProjects) = preSolution
		{9C071CA7-4FD9-4ECD-9EC3-2689FEEE9FA6} = {F87D9EBE-4D9E-42DD-B644-CADC7F44F09F}
		{12E53CA8-B25A-4A84-974C-8865243F0F5A} = {9C071CA7-4FD9-4ECD-9EC3-2689FEEE9FA6}
	EndGlobalSection
EndGlobal
